
Microsoft Visual Studio Solution File, Format Version 12.00
# Visual Studio Version 16
VisualStudioVersion = 16.0.30804.86
MinimumVisualStudioVersion = 10.0.40219.1
Project("{888888A0-9F3D-457C-B088-3A5042F75D52}") = "VST.MachineLearning", "VST.MachineLearning\VST.MachineLearning.pyproj", "{39385396-3E1C-4A87-94E8-BB7FAE944FF0}"
EndProject
Project("{9A19103F-16F7-4668-BE54-9A1E7A4F7556}") = "VST", "VST\VST.csproj", "{30272E39-B308-488C-8D9F-D2059E2E5628}"
EndProject
Project("{9A19103F-16F7-4668-BE54-9A1E7A4F7556}") = "VST.Host", "VST.Host\VST.Host.csproj", "{10D541EE-91FD-4BD9-9BF0-CC07D60C5072}"
EndProject
Global
	GlobalSection(SolutionConfigurationPlatforms) = preSolution
		Debug|Any CPU = Debug|Any CPU
		Debug|x64 = Debug|x64
		Debug|x86 = Debug|x86
		Release|Any CPU = Release|Any CPU
		Release|x64 = Release|x64
		Release|x86 = Release|x86
	EndGlobalSection
	GlobalSection(ProjectConfigurationPlatforms) = postSolution
		{39385396-3E1C-4A87-94E8-BB7FAE944FF0}.Debug|Any CPU.ActiveCfg = Debug|Any CPU
		{39385396-3E1C-4A87-94E8-BB7FAE944FF0}.Debug|x64.ActiveCfg = Debug|Any CPU
		{39385396-3E1C-4A87-94E8-BB7FAE944FF0}.Debug|x86.ActiveCfg = Debug|Any CPU
		{39385396-3E1C-4A87-94E8-BB7FAE944FF0}.Release|Any CPU.ActiveCfg = Release|Any CPU
		{39385396-3E1C-4A87-94E8-BB7FAE944FF0}.Release|x64.ActiveCfg = Release|Any CPU
		{39385396-3E1C-4A87-94E8-BB7FAE944FF0}.Release|x86.ActiveCfg = Release|Any CPU
		{30272E39-B308-488C-8D9F-D2059E2E5628}.Debug|Any CPU.ActiveCfg = Debug|x64
		{30272E39-B308-488C-8D9F-D2059E2E5628}.Debug|x64.ActiveCfg = Debug|x64
		{30272E39-B308-488C-8D9F-D2059E2E5628}.Debug|x64.Build.0 = Debug|x64
		{30272E39-B308-488C-8D9F-D2059E2E5628}.Debug|x86.ActiveCfg = Debug|x86
		{30272E39-B308-488C-8D9F-D2059E2E5628}.Debug|x86.Build.0 = Debug|x86
		{30272E39-B308-488C-8D9F-D2059E2E5628}.Release|Any CPU.ActiveCfg = Release|x86
		{30272E39-B308-488C-8D9F-D2059E2E5628}.Release|x64.ActiveCfg = Release|x64
		{30272E39-B308-488C-8D9F-D2059E2E5628}.Release|x64.Build.0 = Release|x64
		{30272E39-B308-488C-8D9F-D2059E2E5628}.Release|x86.ActiveCfg = Release|x86
		{30272E39-B308-488C-8D9F-D2059E2E5628}.Release|x86.Build.0 = Release|x86
		{10D541EE-91FD-4BD9-9BF0-CC07D60C5072}.Debug|Any CPU.ActiveCfg = Debug|Any CPU
		{10D541EE-91FD-4BD9-9BF0-CC07D60C5072}.Debug|Any CPU.Build.0 = Debug|Any CPU
		{10D541EE-91FD-4BD9-9BF0-CC07D60C5072}.Debug|x64.ActiveCfg = Debug|x64
		{10D541EE-91FD-4BD9-9BF0-CC07D60C5072}.Debug|x64.Build.0 = Debug|x64
		{10D541EE-91FD-4BD9-9BF0-CC07D60C5072}.Debug|x86.ActiveCfg = Debug|Any CPU
		{10D541EE-91FD-4BD9-9BF0-CC07D60C5072}.Debug|x86.Build.0 = Debug|Any CPU
		{10D541EE-91FD-4BD9-9BF0-CC07D60C5072}.Release|Any CPU.ActiveCfg = Release|Any CPU
		{10D541EE-91FD-4BD9-9BF0-CC07D60C5072}.Release|Any CPU.Build.0 = Release|Any CPU
		{10D541EE-91FD-4BD9-9BF0-CC07D60C5072}.Release|x64.ActiveCfg = Release|Any CPU
		{10D541EE-91FD-4BD9-9BF0-CC07D60C5072}.Release|x64.Build.0 = Release|Any CPU
		{10D541EE-91FD-4BD9-9BF0-CC07D60C5072}.Release|x86.ActiveCfg = Release|Any CPU
		{10D541EE-91FD-4BD9-9BF0-CC07D60C5072}.Release|x86.Build.0 = Release|Any CPU
	EndGlobalSection
	GlobalSection(SolutionProperties) = preSolution
		HideSolutionNode = FALSE
	EndGlobalSection
	GlobalSection(ExtensibilityGlobals) = postSolution
		SolutionGuid = {E3554580-AFC7-4337-A9FE-D04559E7B2C2}
	EndGlobalSection
EndGlobal
